{
  "requires": true,
  "lockfileVersion": 1,
  "dependencies": {
    "@antmedia/webrtc_adaptor": {
      "version": "2.6.0-SNAPSHOT-2023-Apr-01-10-19",
      "resolved": "https://registry.npmjs.org/@antmedia/webrtc_adaptor/-/webrtc_adaptor-2.6.0-SNAPSHOT-2023-Apr-01-10-19.tgz",
      "integrity": "sha512-m8NOfcQYcLGDzPTaFCIgxU8gBJLsPFXKo2xSgspt/rxnOgcMOo62hPybFjoxXGrGc5tFi2sZE9gJzIqG5M3J8A=="
    }
  }
}
